
Microsoft Visual Studio Solution File, Format Version 12.00
# Visual Studio Version 17
VisualStudioVersion = 17.7.34031.279
MinimumVisualStudioVersion = 10.0.40219.1
Project("{FAE04EC0-301F-11D3-BF4B-00C04F79EFBC}") = "Hospital.Web", "Hospital.Web\Hospital.Web.csproj", "{D54539E3-CFCB-4571-B34E-5574466F7CEE}"
EndProject
Global
	GlobalSection(SolutionConfigurationPlatforms) = preSolution
		Debug|Any CPU = Debug|Any CPU
		Release|Any CPU = Release|Any CPU
	EndGlobalSection
	GlobalSection(ProjectConfigurationPlatforms) = postSolution
		{D54539E3-CFCB-4571-B34E-5574466F7CEE}.Debug|Any CPU.ActiveCfg = Debug|Any CPU
		{D54539E3-CFCB-4571-B34E-5574466F7CEE}.Debug|Any CPU.Build.0 = Debug|Any CPU
		{D54539E3-CFCB-4571-B34E-5574466F7CEE}.Release|Any CPU.ActiveCfg = Release|Any CPU
		{D54539E3-CFCB-4571-B34E-5574466F7CEE}.Release|Any CPU.Build.0 = Release|Any CPU
	EndGlobalSection
	GlobalSection(SolutionProperties) = preSolution
		HideSolutionNode = FALSE
	EndGlobalSection
	GlobalSection(ExtensibilityGlobals) = postSolution
		SolutionGuid = {DE488B31-A0AA-4800-9E00-B5CC7FB6C086}
	EndGlobalSection
EndGlobal
