
Microsoft Visual Studio Solution File, Format Version 12.00
# Visual Studio Version 17
VisualStudioVersion = 17.7.34031.279
MinimumVisualStudioVersion = 10.0.40219.1
Project("{9A19103F-16F7-4668-BE54-9A1E7A4F7556}") = "Hospital.Web", "Hospital.Web\Hospital.Web.csproj", "{D54539E3-CFCB-4571-B34E-5574466F7CEE}"
EndProject
Project("{9A19103F-16F7-4668-BE54-9A1E7A4F7556}") = "Hospital.Models", "Hospital.Models\Hospital.Models.csproj", "{18BF4D6B-5FEA-4DCD-BF46-F97C239505A2}"
EndProject
Project("{9A19103F-16F7-4668-BE54-9A1E7A4F7556}") = "Hospital.Repositories", "Hospital.Repositories\Hospital.Repositories.csproj", "{6245D5CF-062C-4232-BF38-23BD68097DE5}"
EndProject
Project("{9A19103F-16F7-4668-BE54-9A1E7A4F7556}") = "Hospital.Utilities", "Hospital.Utilities\Hospital.Utilities.csproj", "{558A5A0A-D35D-4B07-9E47-D7A015D7DAAE}"
EndProject
Project("{9A19103F-16F7-4668-BE54-9A1E7A4F7556}") = "Hospital.ViewModels", "Hospital.ViewModels\Hospital.ViewModels.csproj", "{1CFAF988-2E30-4E06-90B1-638FDF651DF4}"
EndProject
Global
	GlobalSection(SolutionConfigurationPlatforms) = preSolution
		Debug|Any CPU = Debug|Any CPU
		Release|Any CPU = Release|Any CPU
	EndGlobalSection
	GlobalSection(ProjectConfigurationPlatforms) = postSolution
		{D54539E3-CFCB-4571-B34E-5574466F7CEE}.Debug|Any CPU.ActiveCfg = Debug|Any CPU
		{D54539E3-CFCB-4571-B34E-5574466F7CEE}.Debug|Any CPU.Build.0 = Debug|Any CPU
		{D54539E3-CFCB-4571-B34E-5574466F7CEE}.Release|Any CPU.ActiveCfg = Release|Any CPU
		{D54539E3-CFCB-4571-B34E-5574466F7CEE}.Release|Any CPU.Build.0 = Release|Any CPU
		{18BF4D6B-5FEA-4DCD-BF46-F97C239505A2}.Debug|Any CPU.ActiveCfg = Debug|Any CPU
		{18BF4D6B-5FEA-4DCD-BF46-F97C239505A2}.Debug|Any CPU.Build.0 = Debug|Any CPU
		{18BF4D6B-5FEA-4DCD-BF46-F97C239505A2}.Release|Any CPU.ActiveCfg = Release|Any CPU
		{18BF4D6B-5FEA-4DCD-BF46-F97C239505A2}.Release|Any CPU.Build.0 = Release|Any CPU
		{6245D5CF-062C-4232-BF38-23BD68097DE5}.Debug|Any CPU.ActiveCfg = Debug|Any CPU
		{6245D5CF-062C-4232-BF38-23BD68097DE5}.Debug|Any CPU.Build.0 = Debug|Any CPU
		{6245D5CF-062C-4232-BF38-23BD68097DE5}.Release|Any CPU.ActiveCfg = Release|Any CPU
		{6245D5CF-062C-4232-BF38-23BD68097DE5}.Release|Any CPU.Build.0 = Release|Any CPU
		{558A5A0A-D35D-4B07-9E47-D7A015D7DAAE}.Debug|Any CPU.ActiveCfg = Debug|Any CPU
		{558A5A0A-D35D-4B07-9E47-D7A015D7DAAE}.Debug|Any CPU.Build.0 = Debug|Any CPU
		{558A5A0A-D35D-4B07-9E47-D7A015D7DAAE}.Release|Any CPU.ActiveCfg = Release|Any CPU
		{558A5A0A-D35D-4B07-9E47-D7A015D7DAAE}.Release|Any CPU.Build.0 = Release|Any CPU
		{1CFAF988-2E30-4E06-90B1-638FDF651DF4}.Debug|Any CPU.ActiveCfg = Debug|Any CPU
		{1CFAF988-2E30-4E06-90B1-638FDF651DF4}.Debug|Any CPU.Build.0 = Debug|Any CPU
		{1CFAF988-2E30-4E06-90B1-638FDF651DF4}.Release|Any CPU.ActiveCfg = Release|Any CPU
		{1CFAF988-2E30-4E06-90B1-638FDF651DF4}.Release|Any CPU.Build.0 = Release|Any CPU
	EndGlobalSection
	GlobalSection(SolutionProperties) = preSolution
		HideSolutionNode = FALSE
	EndGlobalSection
	GlobalSection(ExtensibilityGlobals) = postSolution
		SolutionGuid = {DE488B31-A0AA-4800-9E00-B5CC7FB6C086}
	EndGlobalSection
EndGlobal
